// !$*UTF8*$!
{
	archiveVersion = 1;
	classes = {
	};
	objectVersion = 46;
	objects = {

/* Begin PBXBuildFile section */
		1A2AF1471AB2E452004160CA /* SubViewController.m in Sources */ = {isa = PBXBuildFile; fileRef = 1A2AF1451AB2E452004160CA /* SubViewController.m */; };
		1A2AF1481AB2E452004160CA /* SubViewController.xib in Resources */ = {isa = PBXBuildFile; fileRef = 1A2AF1461AB2E452004160CA /* SubViewController.xib */; };
		1A30CFEA1AB1AE970018E1CA /* Default-568h@2x.png in Resources */ = {isa = PBXBuildFile; fileRef = 1A30CFE91AB1AE970018E1CA /* Default-568h@2x.png */; };
		1AA851AC1AAF14C6002151C6 /* main.m in Sources */ = {isa = PBXBuildFile; fileRef = 1AA851AB1AAF14C6002151C6 /* main.m */; };
		1AA851AF1AAF14C6002151C6 /* AppDelegate.m in Sources */ = {isa = PBXBuildFile; fileRef = 1AA851AE1AAF14C6002151C6 /* AppDelegate.m */; };
		1AA851B21AAF14C6002151C6 /* ViewController.m in Sources */ = {isa = PBXBuildFile; fileRef = 1AA851B11AAF14C6002151C6 /* ViewController.m */; };
		1AA851B51AAF14C6002151C6 /* Main.storyboard in Resources */ = {isa = PBXBuildFile; fileRef = 1AA851B31AAF14C6002151C6 /* Main.storyboard */; };
		1AA851B71AAF14C6002151C6 /* Images.xcassets in Resources */ = {isa = PBXBuildFile; fileRef = 1AA851B61AAF14C6002151C6 /* Images.xcassets */; };
		1AA851BA1AAF14C6002151C6 /* LaunchScreen.xib in Resources */ = {isa = PBXBuildFile; fileRef = 1AA851B81AAF14C6002151C6 /* LaunchScreen.xib */; };
		1AA851C61AAF14C6002151C6 /* MyBrowserTests.m in Sources */ = {isa = PBXBuildFile; fileRef = 1AA851C51AAF14C6002151C6 /* MyBrowserTests.m */; };
/* End PBXBuildFile section */

/* Begin PBXContainerItemProxy section */
		1AA851C01AAF14C6002151C6 /* PBXContainerItemProxy */ = {
			isa = PBXContainerItemProxy;
			containerPortal = 1AA8519E1AAF14C6002151C6 /* Project object */;
			proxyType = 1;
			remoteGlobalIDString = 1AA851A51AAF14C6002151C6;
			remoteInfo = testWebView2;
		};
/* End PBXContainerItemProxy section */

/* Begin PBXFileReference section */
		1A2AF1441AB2E452004160CA /* SubViewController.h */ = {isa = PBXFileReference; fileEncoding = 4; lastKnownFileType = sourcecode.c.h; path = SubViewController.h; sourceTree = "<group>"; };
		1A2AF1451AB2E452004160CA /* SubViewController.m */ = {isa = PBXFileReference; fileEncoding = 4; lastKnownFileType = sourcecode.c.objc; path = SubViewController.m; sourceTree = "<group>"; };
		1A2AF1461AB2E452004160CA /* SubViewController.xib */ = {isa = PBXFileReference; fileEncoding = 4; lastKnownFileType = file.xib; path = SubViewController.xib; sourceTree = "<group>"; };
		1A30CFE91AB1AE970018E1CA /* Default-568h@2x.png */ = {isa = PBXFileReference; lastKnownFileType = image.png; path = "Default-568h@2x.png"; sourceTree = "<group>"; };
		1AA851A61AAF14C6002151C6 /* MyBrowser.app */ = {isa = PBXFileReference; explicitFileType = wrapper.application; includeInIndex = 0; path = MyBrowser.app; sourceTree = BUILT_PRODUCTS_DIR; };
		1AA851AA1AAF14C6002151C6 /* Info.plist */ = {isa = PBXFileReference; lastKnownFileType = text.plist.xml; path = Info.plist; sourceTree = "<group>"; };
		1AA851AB1AAF14C6002151C6 /* main.m */ = {isa = PBXFileReference; lastKnownFileType = sourcecode.c.objc; path = main.m; sourceTree = "<group>"; };
		1AA851AD1AAF14C6002151C6 /* AppDelegate.h */ = {isa = PBXFileReference; lastKnownFileType = sourcecode.c.h; path = AppDelegate.h; sourceTree = "<group>"; };
		1AA851AE1AAF14C6002151C6 /* AppDelegate.m */ = {isa = PBXFileReference; lastKnownFileType = sourcecode.c.objc; path = AppDelegate.m; sourceTree = "<group>"; };
		1AA851B01AAF14C6002151C6 /* ViewController.h */ = {isa = PBXFileReference; lastKnownFileType = sourcecode.c.h; path = ViewController.h; sourceTree = "<group>"; };
		1AA851B11AAF14C6002151C6 /* ViewController.m */ = {isa = PBXFileReference; lastKnownFileType = sourcecode.c.objc; path = ViewController.m; sourceTree = "<group>"; };
		1AA851B41AAF14C6002151C6 /* Base */ = {isa = PBXFileReference; lastKnownFileType = file.storyboard; name = Base; path = Base.lproj/Main.storyboard; sourceTree = "<group>"; };
		1AA851B61AAF14C6002151C6 /* Images.xcassets */ = {isa = PBXFileReference; lastKnownFileType = folder.assetcatalog; path = Images.xcassets; sourceTree = "<group>"; };
		1AA851B91AAF14C6002151C6 /* Base */ = {isa = PBXFileReference; lastKnownFileType = file.xib; name = Base; path = Base.lproj/LaunchScreen.xib; sourceTree = "<group>"; };
		1AA851BF1AAF14C6002151C6 /* MyBrowserTests.xctest */ = {isa = PBXFileReference; explicitFileType = wrapper.cfbundle; includeInIndex = 0; path = MyBrowserTests.xctest; sourceTree = BUILT_PRODUCTS_DIR; };
		1AA851C41AAF14C6002151C6 /* Info.plist */ = {isa = PBXFileReference; lastKnownFileType = text.plist.xml; path = Info.plist; sourceTree = "<group>"; };
		1AA851C51AAF14C6002151C6 /* MyBrowserTests.m */ = {isa = PBXFileReference; lastKnownFileType = sourcecode.c.objc; path = MyBrowserTests.m; sourceTree = "<group>"; };
/* End PBXFileReference section */

/* Begin PBXFrameworksBuildPhase section */
		1AA851A31AAF14C6002151C6 /* Frameworks */ = {
			isa = PBXFrameworksBuildPhase;
			buildActionMask = 2147483647;
			files = (
			);
			runOnlyForDeploymentPostprocessing = 0;
		};
		1AA851BC1AAF14C6002151C6 /* Frameworks */ = {
			isa = PBXFrameworksBuildPhase;
			buildActionMask = 2147483647;
			files = (
			);
			runOnlyForDeploymentPostprocessing = 0;
		};
/* End PBXFrameworksBuildPhase section */

/* Begin PBXGroup section */
		1AA8519D1AAF14C6002151C6 = {
			isa = PBXGroup;
			children = (
				1A30CFE91AB1AE970018E1CA /* Default-568h@2x.png */,
				1AA851A81AAF14C6002151C6 /* MyBrowser */,
				1AA851C21AAF14C6002151C6 /* MyBrowserTests */,
				1AA851A71AAF14C6002151C6 /* Products */,
			);
			sourceTree = "<group>";
		};
		1AA851A71AAF14C6002151C6 /* Products */ = {
			isa = PBXGroup;
			children = (
				1AA851A61AAF14C6002151C6 /* MyBrowser.app */,
				1AA851BF1AAF14C6002151C6 /* MyBrowserTests.xctest */,
			);
			name = Products;
			sourceTree = "<group>";
		};
		1AA851A81AAF14C6002151C6 /* MyBrowser */ = {
			isa = PBXGroup;
			children = (
				1AA851AD1AAF14C6002151C6 /* AppDelegate.h */,
				1AA851AE1AAF14C6002151C6 /* AppDelegate.m */,
				1A2AF1441AB2E452004160CA /* SubViewController.h */,
				1A2AF1451AB2E452004160CA /* SubViewController.m */,
				1A2AF1461AB2E452004160CA /* SubViewController.xib */,
				1AA851B01AAF14C6002151C6 /* ViewController.h */,
				1AA851B11AAF14C6002151C6 /* ViewController.m */,
				1AA851B31AAF14C6002151C6 /* Main.storyboard */,
				1AA851B61AAF14C6002151C6 /* Images.xcassets */,
				1AA851B81AAF14C6002151C6 /* LaunchScreen.xib */,
				1AA851A91AAF14C6002151C6 /* Supporting Files */,
			);
			path = MyBrowser;
			sourceTree = "<group>";
		};
		1AA851A91AAF14C6002151C6 /* Supporting Files */ = {
			isa = PBXGroup;
			children = (
				1AA851AA1AAF14C6002151C6 /* Info.plist */,
				1AA851AB1AAF14C6002151C6 /* main.m */,
			);
			name = "Supporting Files";
			sourceTree = "<group>";
		};
		1AA851C21AAF14C6002151C6 /* MyBrowserTests */ = {
			isa = PBXGroup;
			children = (
				1AA851C51AAF14C6002151C6 /* MyBrowserTests.m */,
				1AA851C31AAF14C6002151C6 /* Supporting Files */,
			);
			path = MyBrowserTests;
			sourceTree = "<group>";
		};
		1AA851C31AAF14C6002151C6 /* Supporting Files */ = {
			isa = PBXGroup;
			children = (
				1AA851C41AAF14C6002151C6 /* Info.plist */,
			);
			name = "Supporting Files";
			sourceTree = "<group>";
		};
/* End PBXGroup section */

/* Begin PBXNativeTarget section */
		1AA851A51AAF14C6002151C6 /* MyBrowser */ = {
			isa = PBXNativeTarget;
			buildConfigurationList = 1AA851C91AAF14C6002151C6 /* Build configuration list for PBXNativeTarget "MyBrowser" */;
			buildPhases = (
				1AA851A21AAF14C6002151C6 /* Sources */,
				1AA851A31AAF14C6002151C6 /* Frameworks */,
				1AA851A41AAF14C6002151C6 /* Resources */,
			);
			buildRules = (
			);
			dependencies = (
			);
			name = MyBrowser;
			productName = testWebView2;
			productReference = 1AA851A61AAF14C6002151C6 /* MyBrowser.app */;
			productType = "com.apple.product-type.application";
		};
		1AA851BE1AAF14C6002151C6 /* MyBrowserTests */ = {
			isa = PBXNativeTarget;
			buildConfigurationList = 1AA851CC1AAF14C6002151C6 /* Build configuration list for PBXNativeTarget "MyBrowserTests" */;
			buildPhases = (
				1AA851BB1AAF14C6002151C6 /* Sources */,
				1AA851BC1AAF14C6002151C6 /* Frameworks */,
				1AA851BD1AAF14C6002151C6 /* Resources */,
			);
			buildRules = (
			);
			dependencies = (
				1AA851C11AAF14C6002151C6 /* PBXTargetDependency */,
			);
			name = MyBrowserTests;
			productName = testWebView2Tests;
			productReference = 1AA851BF1AAF14C6002151C6 /* MyBrowserTests.xctest */;
			productType = "com.apple.product-type.bundle.unit-test";
		};
/* End PBXNativeTarget section */

/* Begin PBXProject section */
		1AA8519E1AAF14C6002151C6 /* Project object */ = {
			isa = PBXProject;
			attributes = {
				LastUpgradeCheck = 0600;
				ORGANIZATIONNAME = com.258i;
				TargetAttributes = {
					1AA851A51AAF14C6002151C6 = {
						CreatedOnToolsVersion = 6.0.1;
						DevelopmentTeam = 677UDL9ATV;
					};
					1AA851BE1AAF14C6002151C6 = {
						CreatedOnToolsVersion = 6.0.1;
						TestTargetID = 1AA851A51AAF14C6002151C6;
					};
				};
			};
			buildConfigurationList = 1AA851A11AAF14C6002151C6 /* Build configuration list for PBXProject "MyBrowser" */;
			compatibilityVersion = "Xcode 3.2";
			developmentRegion = English;
			hasScannedForEncodings = 0;
			knownRegions = (
				en,
				Base,
			);
			mainGroup = 1AA8519D1AAF14C6002151C6;
			productRefGroup = 1AA851A71AAF14C6002151C6 /* Products */;
			projectDirPath = "";
			projectRoot = "";
			targets = (
				1AA851A51AAF14C6002151C6 /* MyBrowser */,
				1AA851BE1AAF14C6002151C6 /* MyBrowserTests */,
			);
		};
/* End PBXProject section */

/* Begin PBXResourcesBuildPhase section */
		1AA851A41AAF14C6002151C6 /* Resources */ = {
			isa = PBXResourcesBuildPhase;
			buildActionMask = 2147483647;
			files = (
				1AA851B51AAF14C6002151C6 /* Main.storyboard in Resources */,
				1A30CFEA1AB1AE970018E1CA /* Default-568h@2x.png in Resources */,
				1AA851BA1AAF14C6002151C6 /* LaunchScreen.xib in Resources */,
				1AA851B71AAF14C6002151C6 /* Images.xcassets in Resources */,
				1A2AF1481AB2E452004160CA /* SubViewController.xib in Resources */,
			);
			runOnlyForDeploymentPostprocessing = 0;
		};
		1AA851BD1AAF14C6002151C6 /* Resources */ = {
			isa = PBXResourcesBuildPhase;
			buildActionMask = 2147483647;
			files = (
			);
			runOnlyForDeploymentPostprocessing = 0;
		};
/* End PBXResourcesBuildPhase section */

/* Begin PBXSourcesBuildPhase section */
		1AA851A21AAF14C6002151C6 /* Sources */ = {
			isa = PBXSourcesBuildPhase;
			buildActionMask = 2147483647;
			files = (
				1AA851B21AAF14C6002151C6 /* ViewController.m in Sources */,
				1AA851AF1AAF14C6002151C6 /* AppDelegate.m in Sources */,
				1AA851AC1AAF14C6002151C6 /* main.m in Sources */,
				1A2AF1471AB2E452004160CA /* SubViewController.m in Sources */,
			);
			runOnlyForDeploymentPostprocessing = 0;
		};
		1AA851BB1AAF14C6002151C6 /* Sources */ = {
			isa = PBXSourcesBuildPhase;
			buildActionMask = 2147483647;
			files = (
				1AA851C61AAF14C6002151C6 /* MyBrowserTests.m in Sources */,
			);
			runOnlyForDeploymentPostprocessing = 0;
		};
/* End PBXSourcesBuildPhase section */

/* Begin PBXTargetDependency section */
		1AA851C11AAF14C6002151C6 /* PBXTargetDependency */ = {
			isa = PBXTargetDependency;
			target = 1AA851A51AAF14C6002151C6 /* MyBrowser */;
			targetProxy = 1AA851C01AAF14C6002151C6 /* PBXContainerItemProxy */;
		};
/* End PBXTargetDependency section */

/* Begin PBXVariantGroup section */
		1AA851B31AAF14C6002151C6 /* Main.storyboard */ = {
			isa = PBXVariantGroup;
			children = (
				1AA851B41AAF14C6002151C6 /* Base */,
			);
			name = Main.storyboard;
			sourceTree = "<group>";
		};
		1AA851B81AAF14C6002151C6 /* LaunchScreen.xib */ = {
			isa = PBXVariantGroup;
			children = (
				1AA851B91AAF14C6002151C6 /* Base */,
			);
			name = LaunchScreen.xib;
			sourceTree = "<group>";
		};
/* End PBXVariantGroup section */

/* Begin XCBuildConfiguration section */
		1AA851C71AAF14C6002151C6 /* Debug */ = {
			isa = XCBuildConfiguration;
			buildSettings = {
				ALWAYS_SEARCH_USER_PATHS = NO;
				CLANG_CXX_LANGUAGE_STANDARD = "gnu++0x";
				CLANG_CXX_LIBRARY = "libc++";
				CLANG_ENABLE_MODULES = YES;
				CLANG_ENABLE_OBJC_ARC = YES;
				CLANG_WARN_BOOL_CONVERSION = YES;
				CLANG_WARN_CONSTANT_CONVERSION = YES;
				CLANG_WARN_DIRECT_OBJC_ISA_USAGE = YES_ERROR;
				CLANG_WARN_EMPTY_BODY = YES;
				CLANG_WARN_ENUM_CONVERSION = YES;
				CLANG_WARN_INT_CONVERSION = YES;
				CLANG_WARN_OBJC_ROOT_CLASS = YES_ERROR;
				CLANG_WARN_UNREACHABLE_CODE = YES;
				CLANG_WARN__DUPLICATE_METHOD_MATCH = YES;
				"CODE_SIGN_IDENTITY[sdk=iphoneos*]" = "iPhone Developer";
				COPY_PHASE_STRIP = NO;
				ENABLE_STRICT_OBJC_MSGSEND = YES;
				GCC_C_LANGUAGE_STANDARD = gnu99;
				GCC_DYNAMIC_NO_PIC = NO;
				GCC_OPTIMIZATION_LEVEL = 0;
				GCC_PREPROCESSOR_DEFINITIONS = (
					"DEBUG=1",
					"$(inherited)",
				);
				GCC_SYMBOLS_PRIVATE_EXTERN = NO;
				GCC_WARN_64_TO_32_BIT_CONVERSION = YES;
				GCC_WARN_ABOUT_RETURN_TYPE = YES_ERROR;
				GCC_WARN_UNDECLARED_SELECTOR = YES;
				GCC_WARN_UNINITIALIZED_AUTOS = YES_AGGRESSIVE;
				GCC_WARN_UNUSED_FUNCTION = YES;
				GCC_WARN_UNUSED_VARIABLE = YES;
				IPHONEOS_DEPLOYMENT_TARGET = 8.0;
				MTL_ENABLE_DEBUG_INFO = YES;
				ONLY_ACTIVE_ARCH = YES;
				SDKROOT = iphoneos;
			};
			name = Debug;
		};
		1AA851C81AAF14C6002151C6 /* Release */ = {
			isa = XCBuildConfiguration;
			buildSettings = {
				ALWAYS_SEARCH_USER_PATHS = NO;
				CLANG_CXX_LANGUAGE_STANDARD = "gnu++0x";
				CLANG_CXX_LIBRARY = "libc++";
				CLANG_ENABLE_MODULES = YES;
				CLANG_ENABLE_OBJC_ARC = YES;
				CLANG_WARN_BOOL_CONVERSION = YES;
				CLANG_WARN_CONSTANT_CONVERSION = YES;
				CLANG_WARN_DIRECT_OBJC_ISA_USAGE = YES_ERROR;
				CLANG_WARN_EMPTY_BODY = YES;
				CLANG_WARN_ENUM_CONVERSION = YES;
				CLANG_WARN_INT_CONVERSION = YES;
				CLANG_WARN_OBJC_ROOT_CLASS = YES_ERROR;
				CLANG_WARN_UNREACHABLE_CODE = YES;
				CLANG_WARN__DUPLICATE_METHOD_MATCH = YES;
				"CODE_SIGN_IDENTITY[sdk=iphoneos*]" = "iPhone Developer";
				COPY_PHASE_STRIP = YES;
				ENABLE_NS_ASSERTIONS = NO;
				ENABLE_STRICT_OBJC_MSGSEND = YES;
				GCC_C_LANGUAGE_STANDARD = gnu99;
				GCC_WARN_64_TO_32_BIT_CONVERSION = YES;
				GCC_WARN_ABOUT_RETURN_TYPE = YES_ERROR;
				GCC_WARN_UNDECLARED_SELECTOR = YES;
				GCC_WARN_UNINITIALIZED_AUTOS = YES_AGGRESSIVE;
				GCC_WARN_UNUSED_FUNCTION = YES;
				GCC_WARN_UNUSED_VARIABLE = YES;
				IPHONEOS_DEPLOYMENT_TARGET = 8.0;
				MTL_ENABLE_DEBUG_INFO = NO;
				SDKROOT = iphoneos;
				VALIDATE_PRODUCT = YES;
			};
			name = Release;
		};
		1AA851CA1AAF14C6002151C6 /* Debug */ = {
			isa = XCBuildConfiguration;
			buildSettings = {
				ASSETCATALOG_COMPILER_APPICON_NAME = AppIcon;
				CODE_SIGN_IDENTITY = "iPhone Developer";
				"CODE_SIGN_IDENTITY[sdk=iphoneos*]" = "iPhone Developer";
				INFOPLIST_FILE = "$(SRCROOT)/MyBrowser/Info.plist";
				LD_RUNPATH_SEARCH_PATHS = "$(inherited) @executable_path/Frameworks";
				ONLY_ACTIVE_ARCH = YES;
				PRODUCT_NAME = MyBrowser;
				PROVISIONING_PROFILE = "";
				SDKROOT = iphoneos;
			};
			name = Debug;
		};
		1AA851CB1AAF14C6002151C6 /* Release */ = {
			isa = XCBuildConfiguration;
			buildSettings = {
				ASSETCATALOG_COMPILER_APPICON_NAME = AppIcon;
				CODE_SIGN_IDENTITY = "iPhone Developer";
				"CODE_SIGN_IDENTITY[sdk=iphoneos*]" = "iPhone Developer";
				INFOPLIST_FILE = "$(SRCROOT)/MyBrowser/Info.plist";
				LD_RUNPATH_SEARCH_PATHS = "$(inherited) @executable_path/Frameworks";
				ONLY_ACTIVE_ARCH = YES;
				PRODUCT_NAME = MyBrowser;
				PROVISIONING_PROFILE = "";
				SDKROOT = iphoneos;
				SUPPORTED_PLATFORMS = "iphonesimulator iphoneos";
			};
			name = Release;
		};
		1AA851CD1AAF14C6002151C6 /* Debug */ = {
			isa = XCBuildConfiguration;
			buildSettings = {
				BUNDLE_LOADER = "$(TEST_HOST)";
				FRAMEWORK_SEARCH_PATHS = (
					"$(SDKROOT)/Developer/Library/Frameworks",
					"$(inherited)",
				);
				GCC_PREPROCESSOR_DEFINITIONS = (
					"DEBUG=1",
					"$(inherited)",
				);
				INFOPLIST_FILE = MyBrowserTests/Info.plist;
				LD_RUNPATH_SEARCH_PATHS = "$(inherited) @executable_path/Frameworks @loader_path/Frameworks";
				PRODUCT_NAME = MyBrowserTests;
				TEST_HOST = "$(BUILT_PRODUCTS_DIR)/MyBrowser.app/MyBrowser";
			};
			name = Debug;
		};
		1AA851CE1AAF14C6002151C6 /* Release */ = {
			isa = XCBuildConfiguration;
			buildSettings = {
				BUNDLE_LOADER = "$(TEST_HOST)";
				FRAMEWORK_SEARCH_PATHS = (
					"$(SDKROOT)/Developer/Library/Frameworks",
					"$(inherited)",
				);
				INFOPLIST_FILE = MyBrowserTests/Info.plist;
				LD_RUNPATH_SEARCH_PATHS = "$(inherited) @executable_path/Frameworks @loader_path/Frameworks";
				PRODUCT_NAME = MyBrowserTests;
				TEST_HOST = "$(BUILT_PRODUCTS_DIR)/MyBrowser.app/MyBrowser";
			};
			name = Release;
		};
/* End XCBuildConfiguration section */

/* Begin XCConfigurationList section */
		1AA851A11AAF14C6002151C6 /* Build configuration list for PBXProject "MyBrowser" */ = {
			isa = XCConfigurationList;
			buildConfigurations = (
				1AA851C71AAF14C6002151C6 /* Debug */,
				1AA851C81AAF14C6002151C6 /* Release */,
			);
			defaultConfigurationIsVisible = 0;
			defaultConfigurationName = Release;
		};
		1AA851C91AAF14C6002151C6 /* Build configuration list for PBXNativeTarget "MyBrowser" */ = {
			isa = XCConfigurationList;
			buildConfigurations = (
				1AA851CA1AAF14C6002151C6 /* Debug */,
				1AA851CB1AAF14C6002151C6 /* Release */,
			);
			defaultConfigurationIsVisible = 0;
			defaultConfigurationName = Release;
		};
		1AA851CC1AAF14C6002151C6 /* Build configuration list for PBXNativeTarget "MyBrowserTests" */ = {
			isa = XCConfigurationList;
			buildConfigurations = (
				1AA851CD1AAF14C6002151C6 /* Debug */,
				1AA851CE1AAF14C6002151C6 /* Release */,
			);
			defaultConfigurationIsVisible = 0;
			defaultConfigurationName = Release;
		};
/* End XCConfigurationList section */
	};
	rootObject = 1AA8519E1AAF14C6002151C6 /* Project object */;
}
